
Microsoft Visual Studio Solution File, Format Version 12.00
# Visual Studio Version 17
VisualStudioVersion = 17.14.36804.6
MinimumVisualStudioVersion = 10.0.40219.1
Project("{FAE04EC0-301F-11D3-BF4B-00C04F79EFBC}") = "MVCTemplatebuildIn", "MVCTemplatebuildIn\MVCTemplatebuildIn.csproj", "{A905E51F-2671-41D7-9B05-926E8B51B48F}"
EndProject
Project("{FAE04EC0-301F-11D3-BF4B-00C04F79EFBC}") = "MVC_Blank_Template", "MVC_Blank_Template\MVC_Blank_Template.csproj", "{1EB8F9F2-3D70-4262-A504-937CF0F9C4E3}"
EndProject
Project("{FAE04EC0-301F-11D3-BF4B-00C04F79EFBC}") = "BasicMVC", "BasicMVC\BasicMVC.csproj", "{B4153238-54F6-4D66-89A5-9EB5BB29A04E}"
EndProject
Project("{FAE04EC0-301F-11D3-BF4B-00C04F79EFBC}") = "Convential(Custom)Routing", "Convential(Custom)Routing\Convential(Custom)Routing.csproj", "{63E95939-A2CB-4A4A-A704-FB471D16C7F2}"
EndProject
Project("{FAE04EC0-301F-11D3-BF4B-00C04F79EFBC}") = "AttributeBasedRouting", "AttributeBasedRouting\AttributeBasedRouting.csproj", "{59C8AFDF-7BAE-4BDA-8E43-FF2EE4A7DA40}"
EndProject
Project("{FAE04EC0-301F-11D3-BF4B-00C04F79EFBC}") = "Demo", "Demo\Demo.csproj", "{A818F9CE-D8B2-4514-A7A6-4DF9E5CFD712}"
EndProject
Project("{FAE04EC0-301F-11D3-BF4B-00C04F79EFBC}") = "ViewBag_ViewData_TempData", "ViewBag_ViewData_TempData\ViewBag_ViewData_TempData.csproj", "{D27DBFFB-BC85-4971-BA3B-0EFE45925DF5}"
EndProject
Project("{FAE04EC0-301F-11D3-BF4B-00C04F79EFBC}") = "Bootstrap_Layout_PartialView", "Bootstrap_Layout_PartialView\Bootstrap_Layout_PartialView.csproj", "{511E6F48-1D24-45A2-B69E-DC5E333BEE7F}"
EndProject
Project("{FAE04EC0-301F-11D3-BF4B-00C04F79EFBC}") = "TagHelper", "TagHelper\TagHelper.csproj", "{A7D46C1A-49BD-42A5-8437-EDD121DED24A}"
EndProject
Project("{FAE04EC0-301F-11D3-BF4B-00C04F79EFBC}") = "EntityFrameworkWithDB", "EntityFrameworkWithDB\EntityFrameworkWithDB.csproj", "{25970314-CA3C-4941-86FF-BC2D678399E3}"
EndProject
Global
	GlobalSection(SolutionConfigurationPlatforms) = preSolution
		Debug|Any CPU = Debug|Any CPU
		Release|Any CPU = Release|Any CPU
	EndGlobalSection
	GlobalSection(ProjectConfigurationPlatforms) = postSolution
		{A905E51F-2671-41D7-9B05-926E8B51B48F}.Debug|Any CPU.ActiveCfg = Debug|Any CPU
		{A905E51F-2671-41D7-9B05-926E8B51B48F}.Debug|Any CPU.Build.0 = Debug|Any CPU
		{A905E51F-2671-41D7-9B05-926E8B51B48F}.Release|Any CPU.ActiveCfg = Release|Any CPU
		{A905E51F-2671-41D7-9B05-926E8B51B48F}.Release|Any CPU.Build.0 = Release|Any CPU
		{1EB8F9F2-3D70-4262-A504-937CF0F9C4E3}.Debug|Any CPU.ActiveCfg = Debug|Any CPU
		{1EB8F9F2-3D70-4262-A504-937CF0F9C4E3}.Debug|Any CPU.Build.0 = Debug|Any CPU
		{1EB8F9F2-3D70-4262-A504-937CF0F9C4E3}.Release|Any CPU.ActiveCfg = Release|Any CPU
		{1EB8F9F2-3D70-4262-A504-937CF0F9C4E3}.Release|Any CPU.Build.0 = Release|Any CPU
		{B4153238-54F6-4D66-89A5-9EB5BB29A04E}.Debug|Any CPU.ActiveCfg = Debug|Any CPU
		{B4153238-54F6-4D66-89A5-9EB5BB29A04E}.Debug|Any CPU.Build.0 = Debug|Any CPU
		{B4153238-54F6-4D66-89A5-9EB5BB29A04E}.Release|Any CPU.ActiveCfg = Release|Any CPU
		{B4153238-54F6-4D66-89A5-9EB5BB29A04E}.Release|Any CPU.Build.0 = Release|Any CPU
		{63E95939-A2CB-4A4A-A704-FB471D16C7F2}.Debug|Any CPU.ActiveCfg = Debug|Any CPU
		{63E95939-A2CB-4A4A-A704-FB471D16C7F2}.Debug|Any CPU.Build.0 = Debug|Any CPU
		{63E95939-A2CB-4A4A-A704-FB471D16C7F2}.Release|Any CPU.ActiveCfg = Release|Any CPU
		{63E95939-A2CB-4A4A-A704-FB471D16C7F2}.Release|Any CPU.Build.0 = Release|Any CPU
		{59C8AFDF-7BAE-4BDA-8E43-FF2EE4A7DA40}.Debug|Any CPU.ActiveCfg = Debug|Any CPU
		{59C8AFDF-7BAE-4BDA-8E43-FF2EE4A7DA40}.Debug|Any CPU.Build.0 = Debug|Any CPU
		{59C8AFDF-7BAE-4BDA-8E43-FF2EE4A7DA40}.Release|Any CPU.ActiveCfg = Release|Any CPU
		{59C8AFDF-7BAE-4BDA-8E43-FF2EE4A7DA40}.Release|Any CPU.Build.0 = Release|Any CPU
		{A818F9CE-D8B2-4514-A7A6-4DF9E5CFD712}.Debug|Any CPU.ActiveCfg = Debug|Any CPU
		{A818F9CE-D8B2-4514-A7A6-4DF9E5CFD712}.Debug|Any CPU.Build.0 = Debug|Any CPU
		{A818F9CE-D8B2-4514-A7A6-4DF9E5CFD712}.Release|Any CPU.ActiveCfg = Release|Any CPU
		{A818F9CE-D8B2-4514-A7A6-4DF9E5CFD712}.Release|Any CPU.Build.0 = Release|Any CPU
		{D27DBFFB-BC85-4971-BA3B-0EFE45925DF5}.Debug|Any CPU.ActiveCfg = Debug|Any CPU
		{D27DBFFB-BC85-4971-BA3B-0EFE45925DF5}.Debug|Any CPU.Build.0 = Debug|Any CPU
		{D27DBFFB-BC85-4971-BA3B-0EFE45925DF5}.Release|Any CPU.ActiveCfg = Release|Any CPU
		{D27DBFFB-BC85-4971-BA3B-0EFE45925DF5}.Release|Any CPU.Build.0 = Release|Any CPU
		{511E6F48-1D24-45A2-B69E-DC5E333BEE7F}.Debug|Any CPU.ActiveCfg = Debug|Any CPU
		{511E6F48-1D24-45A2-B69E-DC5E333BEE7F}.Debug|Any CPU.Build.0 = Debug|Any CPU
		{511E6F48-1D24-45A2-B69E-DC5E333BEE7F}.Release|Any CPU.ActiveCfg = Release|Any CPU
		{511E6F48-1D24-45A2-B69E-DC5E333BEE7F}.Release|Any CPU.Build.0 = Release|Any CPU
		{A7D46C1A-49BD-42A5-8437-EDD121DED24A}.Debug|Any CPU.ActiveCfg = Debug|Any CPU
		{A7D46C1A-49BD-42A5-8437-EDD121DED24A}.Debug|Any CPU.Build.0 = Debug|Any CPU
		{A7D46C1A-49BD-42A5-8437-EDD121DED24A}.Release|Any CPU.ActiveCfg = Release|Any CPU
		{A7D46C1A-49BD-42A5-8437-EDD121DED24A}.Release|Any CPU.Build.0 = Release|Any CPU
		{25970314-CA3C-4941-86FF-BC2D678399E3}.Debug|Any CPU.ActiveCfg = Debug|Any CPU
		{25970314-CA3C-4941-86FF-BC2D678399E3}.Debug|Any CPU.Build.0 = Debug|Any CPU
		{25970314-CA3C-4941-86FF-BC2D678399E3}.Release|Any CPU.ActiveCfg = Release|Any CPU
		{25970314-CA3C-4941-86FF-BC2D678399E3}.Release|Any CPU.Build.0 = Release|Any CPU
	EndGlobalSection
	GlobalSection(SolutionProperties) = preSolution
		HideSolutionNode = FALSE
	EndGlobalSection
	GlobalSection(ExtensibilityGlobals) = postSolution
		SolutionGuid = {E08511D2-7A72-4D16-8CB0-3BCB3110FA75}
	EndGlobalSection
EndGlobal
