
Microsoft Visual Studio Solution File, Format Version 12.00
# Visual Studio Version 17
VisualStudioVersion = 17.14.36804.6
MinimumVisualStudioVersion = 10.0.40219.1
Project("{FAE04EC0-301F-11D3-BF4B-00C04F79EFBC}") = "Standard.NetHelloWorld", "Standard.NetHelloWorld\Standard.NetHelloWorld.csproj", "{EB9258F8-38CA-4BBC-BF42-510169A5D56B}"
EndProject
Project("{FAE04EC0-301F-11D3-BF4B-00C04F79EFBC}") = "DotNetCoreHelloWorld", "DotNetCoreHelloWorld\DotNetCoreHelloWorld.csproj", "{CC486414-92EB-497E-A8BC-B35E0A0C4079}"
EndProject
Project("{FAE04EC0-301F-11D3-BF4B-00C04F79EFBC}") = "HollowDiamondPattern", "HollowDiamondPattern\HollowDiamondPattern.csproj", "{8CB8ACA1-EDF1-45D5-969F-A9FB6F7C3DC0}"
EndProject
Project("{2150E333-8FDC-42A3-9474-1A3956D46DE8}") = "16_12_2025", "16_12_2025", "{02EA681E-C7D8-13C7-8484-4AC65E1B71E8}"
EndProject
Project("{FAE04EC0-301F-11D3-BF4B-00C04F79EFBC}") = "Datatypes", "Datatypes\Datatypes.csproj", "{5189B8FF-A52D-4B73-8482-BA003F7C16F4}"
EndProject
Project("{FAE04EC0-301F-11D3-BF4B-00C04F79EFBC}") = "Inheritance", "Inheritance\Inheritance.csproj", "{4FE0217A-BF9D-4C0B-9249-64E7C448D656}"
EndProject
Project("{FAE04EC0-301F-11D3-BF4B-00C04F79EFBC}") = "MethodOverloading", "MethodOverloading\MethodOverloading.csproj", "{ACEC9BD7-43D3-40F0-A25F-B265EF61292A}"
EndProject
Project("{FAE04EC0-301F-11D3-BF4B-00C04F79EFBC}") = "Interface1", "Interface1\Interface1.csproj", "{EDAA3339-AACE-483E-86DA-9AA59173E526}"
EndProject
Project("{FAE04EC0-301F-11D3-BF4B-00C04F79EFBC}") = "Virtual&OverrideInInheritance", "Virtual&OverrideInInheritance\Virtual&OverrideInInheritance.csproj", "{6449FE2F-4AFD-48B9-9E24-D9A36E3830EA}"
EndProject
Project("{2150E333-8FDC-42A3-9474-1A3956D46DE8}") = "17_12_2025", "17_12_2025", "{A4E3B9DE-A6F6-4B63-9F09-21FA9D9DFA5D}"
EndProject
Project("{FAE04EC0-301F-11D3-BF4B-00C04F79EFBC}") = "AbstarctClassReport", "AbstarctClassReport\AbstarctClassReport.csproj", "{EB390E48-918D-4C5C-B6E7-C09BECA7F331}"
EndProject
Project("{FAE04EC0-301F-11D3-BF4B-00C04F79EFBC}") = "Singleton", "Singleton\Singleton.csproj", "{446CDAEB-6C5A-4B65-B6A2-7062919A6751}"
EndProject
Project("{FAE04EC0-301F-11D3-BF4B-00C04F79EFBC}") = "SealedClassMethod", "SealedClassMethod\SealedClassMethod.csproj", "{C2C13D82-E152-484A-AE69-9FE6BCBC399B}"
EndProject
Project("{FAE04EC0-301F-11D3-BF4B-00C04F79EFBC}") = "DependencyInjectionPatternNotePad", "DependencyInjectionPatternNotePad\DependencyInjectionPatternNotePad.csproj", "{3BEDD39D-38E5-429B-8920-6BDE56EA3672}"
EndProject
Project("{2150E333-8FDC-42A3-9474-1A3956D46DE8}") = "18_12_2025", "18_12_2025", "{E4E91CA5-A039-4EE0-9F89-8BE53B2EB659}"
EndProject
Project("{FAE04EC0-301F-11D3-BF4B-00C04F79EFBC}") = "Properties", "Properties\Properties.csproj", "{EF34F23D-9CB1-47D4-829A-379D6E9BC2A0}"
EndProject
Project("{2150E333-8FDC-42A3-9474-1A3956D46DE8}") = "19_12_2025", "19_12_2025", "{ED780479-007B-4F8A-AC10-99DA2BEB5051}"
EndProject
Project("{FAE04EC0-301F-11D3-BF4B-00C04F79EFBC}") = "OberserverPattern", "OberserverPattern\OberserverPattern.csproj", "{950DA218-D404-4D47-A49D-8BCD9B936DE8}"
EndProject
Project("{FAE04EC0-301F-11D3-BF4B-00C04F79EFBC}") = "Collection", "Collection\Collection.csproj", "{D47879BA-7AD0-40AA-AC62-2E05A4AF974B}"
EndProject
Project("{FAE04EC0-301F-11D3-BF4B-00C04F79EFBC}") = "MultiCastDelegate", "MultiCastDelegate\MultiCastDelegate.csproj", "{8C301C70-AEC6-4A01-96A8-1F59CAD08602}"
EndProject
Project("{FAE04EC0-301F-11D3-BF4B-00C04F79EFBC}") = "EventDelegate1", "EventDelegate\EventDelegate1.csproj", "{D9CF65FF-4307-40CC-B914-3E92BA15B036}"
EndProject
Project("{FAE04EC0-301F-11D3-BF4B-00C04F79EFBC}") = "EventDelegate2", "EventDelegate2\EventDelegate2.csproj", "{EB0677BE-5D8E-4BF0-8BA1-29E1FA91CB41}"
EndProject
Project("{FAE04EC0-301F-11D3-BF4B-00C04F79EFBC}") = "EventDelegate3", "EventDelegate3\EventDelegate3.csproj", "{95468BE2-666E-46FC-9417-2C5F9E767A26}"
EndProject
Project("{FAE04EC0-301F-11D3-BF4B-00C04F79EFBC}") = "Delegate", "Delegate\Delegate.csproj", "{B237EDBF-4E88-4B2E-8BEE-CDF8644BBF73}"
EndProject
Project("{FAE04EC0-301F-11D3-BF4B-00C04F79EFBC}") = "CMathLibrary", "CMathLibrary\CMathLibrary.csproj", "{6B4BC2D7-FBCA-4BB1-86CB-4BCF621D41EB}"
EndProject
Project("{FAE04EC0-301F-11D3-BF4B-00C04F79EFBC}") = "CMathClient", "CMathClient\CMathClient.csproj", "{4CA00E27-789E-4531-A936-592D80992444}"
EndProject
Project("{FAE04EC0-301F-11D3-BF4B-00C04F79EFBC}") = "GenericCollection", "GenericCollection\GenericCollection.csproj", "{16F7E4E8-D39C-48E2-8D37-00EFCDCA5E25}"
EndProject
Project("{FAE04EC0-301F-11D3-BF4B-00C04F79EFBC}") = "GenericMethods", "GenericMethods\GenericMethods.csproj", "{F426ABAC-A37B-4D3A-A19E-5FCACDF88A28}"
EndProject
Global
	GlobalSection(SolutionConfigurationPlatforms) = preSolution
		Debug|Any CPU = Debug|Any CPU
		Release|Any CPU = Release|Any CPU
	EndGlobalSection
	GlobalSection(ProjectConfigurationPlatforms) = postSolution
		{EB9258F8-38CA-4BBC-BF42-510169A5D56B}.Debug|Any CPU.ActiveCfg = Debug|Any CPU
		{EB9258F8-38CA-4BBC-BF42-510169A5D56B}.Debug|Any CPU.Build.0 = Debug|Any CPU
		{EB9258F8-38CA-4BBC-BF42-510169A5D56B}.Release|Any CPU.ActiveCfg = Release|Any CPU
		{EB9258F8-38CA-4BBC-BF42-510169A5D56B}.Release|Any CPU.Build.0 = Release|Any CPU
		{CC486414-92EB-497E-A8BC-B35E0A0C4079}.Debug|Any CPU.ActiveCfg = Debug|Any CPU
		{CC486414-92EB-497E-A8BC-B35E0A0C4079}.Debug|Any CPU.Build.0 = Debug|Any CPU
		{CC486414-92EB-497E-A8BC-B35E0A0C4079}.Release|Any CPU.ActiveCfg = Release|Any CPU
		{CC486414-92EB-497E-A8BC-B35E0A0C4079}.Release|Any CPU.Build.0 = Release|Any CPU
		{8CB8ACA1-EDF1-45D5-969F-A9FB6F7C3DC0}.Debug|Any CPU.ActiveCfg = Debug|Any CPU
		{8CB8ACA1-EDF1-45D5-969F-A9FB6F7C3DC0}.Debug|Any CPU.Build.0 = Debug|Any CPU
		{8CB8ACA1-EDF1-45D5-969F-A9FB6F7C3DC0}.Release|Any CPU.ActiveCfg = Release|Any CPU
		{8CB8ACA1-EDF1-45D5-969F-A9FB6F7C3DC0}.Release|Any CPU.Build.0 = Release|Any CPU
		{5189B8FF-A52D-4B73-8482-BA003F7C16F4}.Debug|Any CPU.ActiveCfg = Debug|Any CPU
		{5189B8FF-A52D-4B73-8482-BA003F7C16F4}.Debug|Any CPU.Build.0 = Debug|Any CPU
		{5189B8FF-A52D-4B73-8482-BA003F7C16F4}.Release|Any CPU.ActiveCfg = Release|Any CPU
		{5189B8FF-A52D-4B73-8482-BA003F7C16F4}.Release|Any CPU.Build.0 = Release|Any CPU
		{4FE0217A-BF9D-4C0B-9249-64E7C448D656}.Debug|Any CPU.ActiveCfg = Debug|Any CPU
		{4FE0217A-BF9D-4C0B-9249-64E7C448D656}.Debug|Any CPU.Build.0 = Debug|Any CPU
		{4FE0217A-BF9D-4C0B-9249-64E7C448D656}.Release|Any CPU.ActiveCfg = Release|Any CPU
		{4FE0217A-BF9D-4C0B-9249-64E7C448D656}.Release|Any CPU.Build.0 = Release|Any CPU
		{ACEC9BD7-43D3-40F0-A25F-B265EF61292A}.Debug|Any CPU.ActiveCfg = Debug|Any CPU
		{ACEC9BD7-43D3-40F0-A25F-B265EF61292A}.Debug|Any CPU.Build.0 = Debug|Any CPU
		{ACEC9BD7-43D3-40F0-A25F-B265EF61292A}.Release|Any CPU.ActiveCfg = Release|Any CPU
		{ACEC9BD7-43D3-40F0-A25F-B265EF61292A}.Release|Any CPU.Build.0 = Release|Any CPU
		{EDAA3339-AACE-483E-86DA-9AA59173E526}.Debug|Any CPU.ActiveCfg = Debug|Any CPU
		{EDAA3339-AACE-483E-86DA-9AA59173E526}.Debug|Any CPU.Build.0 = Debug|Any CPU
		{EDAA3339-AACE-483E-86DA-9AA59173E526}.Release|Any CPU.ActiveCfg = Release|Any CPU
		{EDAA3339-AACE-483E-86DA-9AA59173E526}.Release|Any CPU.Build.0 = Release|Any CPU
		{6449FE2F-4AFD-48B9-9E24-D9A36E3830EA}.Debug|Any CPU.ActiveCfg = Debug|Any CPU
		{6449FE2F-4AFD-48B9-9E24-D9A36E3830EA}.Debug|Any CPU.Build.0 = Debug|Any CPU
		{6449FE2F-4AFD-48B9-9E24-D9A36E3830EA}.Release|Any CPU.ActiveCfg = Release|Any CPU
		{6449FE2F-4AFD-48B9-9E24-D9A36E3830EA}.Release|Any CPU.Build.0 = Release|Any CPU
		{EB390E48-918D-4C5C-B6E7-C09BECA7F331}.Debug|Any CPU.ActiveCfg = Debug|Any CPU
		{EB390E48-918D-4C5C-B6E7-C09BECA7F331}.Debug|Any CPU.Build.0 = Debug|Any CPU
		{EB390E48-918D-4C5C-B6E7-C09BECA7F331}.Release|Any CPU.ActiveCfg = Release|Any CPU
		{EB390E48-918D-4C5C-B6E7-C09BECA7F331}.Release|Any CPU.Build.0 = Release|Any CPU
		{446CDAEB-6C5A-4B65-B6A2-7062919A6751}.Debug|Any CPU.ActiveCfg = Debug|Any CPU
		{446CDAEB-6C5A-4B65-B6A2-7062919A6751}.Debug|Any CPU.Build.0 = Debug|Any CPU
		{446CDAEB-6C5A-4B65-B6A2-7062919A6751}.Release|Any CPU.ActiveCfg = Release|Any CPU
		{446CDAEB-6C5A-4B65-B6A2-7062919A6751}.Release|Any CPU.Build.0 = Release|Any CPU
		{C2C13D82-E152-484A-AE69-9FE6BCBC399B}.Debug|Any CPU.ActiveCfg = Debug|Any CPU
		{C2C13D82-E152-484A-AE69-9FE6BCBC399B}.Debug|Any CPU.Build.0 = Debug|Any CPU
		{C2C13D82-E152-484A-AE69-9FE6BCBC399B}.Release|Any CPU.ActiveCfg = Release|Any CPU
		{C2C13D82-E152-484A-AE69-9FE6BCBC399B}.Release|Any CPU.Build.0 = Release|Any CPU
		{3BEDD39D-38E5-429B-8920-6BDE56EA3672}.Debug|Any CPU.ActiveCfg = Debug|Any CPU
		{3BEDD39D-38E5-429B-8920-6BDE56EA3672}.Debug|Any CPU.Build.0 = Debug|Any CPU
		{3BEDD39D-38E5-429B-8920-6BDE56EA3672}.Release|Any CPU.ActiveCfg = Release|Any CPU
		{3BEDD39D-38E5-429B-8920-6BDE56EA3672}.Release|Any CPU.Build.0 = Release|Any CPU
		{EF34F23D-9CB1-47D4-829A-379D6E9BC2A0}.Debug|Any CPU.ActiveCfg = Debug|Any CPU
		{EF34F23D-9CB1-47D4-829A-379D6E9BC2A0}.Debug|Any CPU.Build.0 = Debug|Any CPU
		{EF34F23D-9CB1-47D4-829A-379D6E9BC2A0}.Release|Any CPU.ActiveCfg = Release|Any CPU
		{EF34F23D-9CB1-47D4-829A-379D6E9BC2A0}.Release|Any CPU.Build.0 = Release|Any CPU
		{950DA218-D404-4D47-A49D-8BCD9B936DE8}.Debug|Any CPU.ActiveCfg = Debug|Any CPU
		{950DA218-D404-4D47-A49D-8BCD9B936DE8}.Debug|Any CPU.Build.0 = Debug|Any CPU
		{950DA218-D404-4D47-A49D-8BCD9B936DE8}.Release|Any CPU.ActiveCfg = Release|Any CPU
		{950DA218-D404-4D47-A49D-8BCD9B936DE8}.Release|Any CPU.Build.0 = Release|Any CPU
		{D47879BA-7AD0-40AA-AC62-2E05A4AF974B}.Debug|Any CPU.ActiveCfg = Debug|Any CPU
		{D47879BA-7AD0-40AA-AC62-2E05A4AF974B}.Debug|Any CPU.Build.0 = Debug|Any CPU
		{D47879BA-7AD0-40AA-AC62-2E05A4AF974B}.Release|Any CPU.ActiveCfg = Release|Any CPU
		{D47879BA-7AD0-40AA-AC62-2E05A4AF974B}.Release|Any CPU.Build.0 = Release|Any CPU
		{8C301C70-AEC6-4A01-96A8-1F59CAD08602}.Debug|Any CPU.ActiveCfg = Debug|Any CPU
		{8C301C70-AEC6-4A01-96A8-1F59CAD08602}.Debug|Any CPU.Build.0 = Debug|Any CPU
		{8C301C70-AEC6-4A01-96A8-1F59CAD08602}.Release|Any CPU.ActiveCfg = Release|Any CPU
		{8C301C70-AEC6-4A01-96A8-1F59CAD08602}.Release|Any CPU.Build.0 = Release|Any CPU
		{D9CF65FF-4307-40CC-B914-3E92BA15B036}.Debug|Any CPU.ActiveCfg = Debug|Any CPU
		{D9CF65FF-4307-40CC-B914-3E92BA15B036}.Debug|Any CPU.Build.0 = Debug|Any CPU
		{D9CF65FF-4307-40CC-B914-3E92BA15B036}.Release|Any CPU.ActiveCfg = Release|Any CPU
		{D9CF65FF-4307-40CC-B914-3E92BA15B036}.Release|Any CPU.Build.0 = Release|Any CPU
		{EB0677BE-5D8E-4BF0-8BA1-29E1FA91CB41}.Debug|Any CPU.ActiveCfg = Debug|Any CPU
		{EB0677BE-5D8E-4BF0-8BA1-29E1FA91CB41}.Debug|Any CPU.Build.0 = Debug|Any CPU
		{EB0677BE-5D8E-4BF0-8BA1-29E1FA91CB41}.Release|Any CPU.ActiveCfg = Release|Any CPU
		{EB0677BE-5D8E-4BF0-8BA1-29E1FA91CB41}.Release|Any CPU.Build.0 = Release|Any CPU
		{95468BE2-666E-46FC-9417-2C5F9E767A26}.Debug|Any CPU.ActiveCfg = Debug|Any CPU
		{95468BE2-666E-46FC-9417-2C5F9E767A26}.Debug|Any CPU.Build.0 = Debug|Any CPU
		{95468BE2-666E-46FC-9417-2C5F9E767A26}.Release|Any CPU.ActiveCfg = Release|Any CPU
		{95468BE2-666E-46FC-9417-2C5F9E767A26}.Release|Any CPU.Build.0 = Release|Any CPU
		{B237EDBF-4E88-4B2E-8BEE-CDF8644BBF73}.Debug|Any CPU.ActiveCfg = Debug|Any CPU
		{B237EDBF-4E88-4B2E-8BEE-CDF8644BBF73}.Debug|Any CPU.Build.0 = Debug|Any CPU
		{B237EDBF-4E88-4B2E-8BEE-CDF8644BBF73}.Release|Any CPU.ActiveCfg = Release|Any CPU
		{B237EDBF-4E88-4B2E-8BEE-CDF8644BBF73}.Release|Any CPU.Build.0 = Release|Any CPU
		{6B4BC2D7-FBCA-4BB1-86CB-4BCF621D41EB}.Debug|Any CPU.ActiveCfg = Debug|Any CPU
		{6B4BC2D7-FBCA-4BB1-86CB-4BCF621D41EB}.Debug|Any CPU.Build.0 = Debug|Any CPU
		{6B4BC2D7-FBCA-4BB1-86CB-4BCF621D41EB}.Release|Any CPU.ActiveCfg = Release|Any CPU
		{6B4BC2D7-FBCA-4BB1-86CB-4BCF621D41EB}.Release|Any CPU.Build.0 = Release|Any CPU
		{4CA00E27-789E-4531-A936-592D80992444}.Debug|Any CPU.ActiveCfg = Debug|Any CPU
		{4CA00E27-789E-4531-A936-592D80992444}.Debug|Any CPU.Build.0 = Debug|Any CPU
		{4CA00E27-789E-4531-A936-592D80992444}.Release|Any CPU.ActiveCfg = Release|Any CPU
		{4CA00E27-789E-4531-A936-592D80992444}.Release|Any CPU.Build.0 = Release|Any CPU
		{16F7E4E8-D39C-48E2-8D37-00EFCDCA5E25}.Debug|Any CPU.ActiveCfg = Debug|Any CPU
		{16F7E4E8-D39C-48E2-8D37-00EFCDCA5E25}.Debug|Any CPU.Build.0 = Debug|Any CPU
		{16F7E4E8-D39C-48E2-8D37-00EFCDCA5E25}.Release|Any CPU.ActiveCfg = Release|Any CPU
		{16F7E4E8-D39C-48E2-8D37-00EFCDCA5E25}.Release|Any CPU.Build.0 = Release|Any CPU
		{F426ABAC-A37B-4D3A-A19E-5FCACDF88A28}.Debug|Any CPU.ActiveCfg = Debug|Any CPU
		{F426ABAC-A37B-4D3A-A19E-5FCACDF88A28}.Debug|Any CPU.Build.0 = Debug|Any CPU
		{F426ABAC-A37B-4D3A-A19E-5FCACDF88A28}.Release|Any CPU.ActiveCfg = Release|Any CPU
		{F426ABAC-A37B-4D3A-A19E-5FCACDF88A28}.Release|Any CPU.Build.0 = Release|Any CPU
	EndGlobalSection
	GlobalSection(SolutionProperties) = preSolution
		HideSolutionNode = FALSE
	EndGlobalSection
	GlobalSection(NestedProjects) = preSolution
		{5189B8FF-A52D-4B73-8482-BA003F7C16F4} = {02EA681E-C7D8-13C7-8484-4AC65E1B71E8}
		{4FE0217A-BF9D-4C0B-9249-64E7C448D656} = {02EA681E-C7D8-13C7-8484-4AC65E1B71E8}
		{ACEC9BD7-43D3-40F0-A25F-B265EF61292A} = {02EA681E-C7D8-13C7-8484-4AC65E1B71E8}
		{EDAA3339-AACE-483E-86DA-9AA59173E526} = {02EA681E-C7D8-13C7-8484-4AC65E1B71E8}
		{6449FE2F-4AFD-48B9-9E24-D9A36E3830EA} = {02EA681E-C7D8-13C7-8484-4AC65E1B71E8}
		{EB390E48-918D-4C5C-B6E7-C09BECA7F331} = {A4E3B9DE-A6F6-4B63-9F09-21FA9D9DFA5D}
		{446CDAEB-6C5A-4B65-B6A2-7062919A6751} = {A4E3B9DE-A6F6-4B63-9F09-21FA9D9DFA5D}
		{C2C13D82-E152-484A-AE69-9FE6BCBC399B} = {A4E3B9DE-A6F6-4B63-9F09-21FA9D9DFA5D}
		{3BEDD39D-38E5-429B-8920-6BDE56EA3672} = {A4E3B9DE-A6F6-4B63-9F09-21FA9D9DFA5D}
		{EF34F23D-9CB1-47D4-829A-379D6E9BC2A0} = {E4E91CA5-A039-4EE0-9F89-8BE53B2EB659}
		{950DA218-D404-4D47-A49D-8BCD9B936DE8} = {ED780479-007B-4F8A-AC10-99DA2BEB5051}
		{D47879BA-7AD0-40AA-AC62-2E05A4AF974B} = {ED780479-007B-4F8A-AC10-99DA2BEB5051}
		{8C301C70-AEC6-4A01-96A8-1F59CAD08602} = {E4E91CA5-A039-4EE0-9F89-8BE53B2EB659}
		{D9CF65FF-4307-40CC-B914-3E92BA15B036} = {E4E91CA5-A039-4EE0-9F89-8BE53B2EB659}
		{EB0677BE-5D8E-4BF0-8BA1-29E1FA91CB41} = {E4E91CA5-A039-4EE0-9F89-8BE53B2EB659}
		{95468BE2-666E-46FC-9417-2C5F9E767A26} = {E4E91CA5-A039-4EE0-9F89-8BE53B2EB659}
		{B237EDBF-4E88-4B2E-8BEE-CDF8644BBF73} = {E4E91CA5-A039-4EE0-9F89-8BE53B2EB659}
		{6B4BC2D7-FBCA-4BB1-86CB-4BCF621D41EB} = {E4E91CA5-A039-4EE0-9F89-8BE53B2EB659}
		{4CA00E27-789E-4531-A936-592D80992444} = {E4E91CA5-A039-4EE0-9F89-8BE53B2EB659}
		{16F7E4E8-D39C-48E2-8D37-00EFCDCA5E25} = {ED780479-007B-4F8A-AC10-99DA2BEB5051}
		{F426ABAC-A37B-4D3A-A19E-5FCACDF88A28} = {ED780479-007B-4F8A-AC10-99DA2BEB5051}
	EndGlobalSection
	GlobalSection(ExtensibilityGlobals) = postSolution
		SolutionGuid = {4933FB71-056E-4451-A616-3199BCD22CB5}
	EndGlobalSection
EndGlobal
